
Microsoft Visual Studio Solution File, Format Version 12.00
# Visual Studio 15
Project("{FAE04EC0-301F-11D3-BF4B-00C04F79EFBC}") = "Assembly-CSharp", "Assembly-CSharp.csproj", "{C48F9313-72DA-94CF-96E0-65E4D8A56ED6}"
EndProject
Global
	GlobalSection(SolutionConfigurationPlatforms) = preSolution
		Debug|Any CPU = Debug|Any CPU
		Release|Any CPU = Release|Any CPU
	EndGlobalSection
	GlobalSection(ProjectConfigurationPlatforms) = postSolution
		{C48F9313-72DA-94CF-96E0-65E4D8A56ED6}.Debug|Any CPU.ActiveCfg = Debug|Any CPU
		{C48F9313-72DA-94CF-96E0-65E4D8A56ED6}.Debug|Any CPU.Build.0 = Debug|Any CPU
		{C48F9313-72DA-94CF-96E0-65E4D8A56ED6}.Release|Any CPU.ActiveCfg = Release|Any CPU
		{C48F9313-72DA-94CF-96E0-65E4D8A56ED6}.Release|Any CPU.Build.0 = Release|Any CPU
	EndGlobalSection
	GlobalSection(SolutionProperties) = preSolution
		HideSolutionNode = FALSE
	EndGlobalSection
EndGlobal
